
Microsoft Visual Studio Solution File, Format Version 12.00
# Visual Studio 15
Project("{FAE04EC0-301F-11D3-BF4B-00C04F79EFBC}") = "Assembly-CSharp", "Assembly-CSharp.csproj", "{74C9C1F2-A971-5677-BD0B-75317BCAFCC3}"
EndProject
Project("{FAE04EC0-301F-11D3-BF4B-00C04F79EFBC}") = "Assembly-CSharp-firstpass", "Assembly-CSharp-firstpass.csproj", "{036CE04E-25CD-2604-8A7B-66BFD6A98CDF}"
EndProject
Project("{FAE04EC0-301F-11D3-BF4B-00C04F79EFBC}") = "Assembly-CSharp-Editor", "Assembly-CSharp-Editor.csproj", "{72810B40-719F-F5C8-2684-BEBC39D15367}"
EndProject
Global
	GlobalSection(SolutionConfigurationPlatforms) = preSolution
		Debug|Any CPU = Debug|Any CPU
		Release|Any CPU = Release|Any CPU
	EndGlobalSection
	GlobalSection(ProjectConfigurationPlatforms) = postSolution
		{74C9C1F2-A971-5677-BD0B-75317BCAFCC3}.Debug|Any CPU.ActiveCfg = Debug|Any CPU
		{74C9C1F2-A971-5677-BD0B-75317BCAFCC3}.Debug|Any CPU.Build.0 = Debug|Any CPU
		{74C9C1F2-A971-5677-BD0B-75317BCAFCC3}.Release|Any CPU.ActiveCfg = Release|Any CPU
		{74C9C1F2-A971-5677-BD0B-75317BCAFCC3}.Release|Any CPU.Build.0 = Release|Any CPU
		{036CE04E-25CD-2604-8A7B-66BFD6A98CDF}.Debug|Any CPU.ActiveCfg = Debug|Any CPU
		{036CE04E-25CD-2604-8A7B-66BFD6A98CDF}.Debug|Any CPU.Build.0 = Debug|Any CPU
		{036CE04E-25CD-2604-8A7B-66BFD6A98CDF}.Release|Any CPU.ActiveCfg = Release|Any CPU
		{036CE04E-25CD-2604-8A7B-66BFD6A98CDF}.Release|Any CPU.Build.0 = Release|Any CPU
		{72810B40-719F-F5C8-2684-BEBC39D15367}.Debug|Any CPU.ActiveCfg = Debug|Any CPU
		{72810B40-719F-F5C8-2684-BEBC39D15367}.Debug|Any CPU.Build.0 = Debug|Any CPU
		{72810B40-719F-F5C8-2684-BEBC39D15367}.Release|Any CPU.ActiveCfg = Release|Any CPU
		{72810B40-719F-F5C8-2684-BEBC39D15367}.Release|Any CPU.Build.0 = Release|Any CPU
	EndGlobalSection
	GlobalSection(SolutionProperties) = preSolution
		HideSolutionNode = FALSE
	EndGlobalSection
EndGlobal
